// !$*UTF8*$!
{
	archiveVersion = 1;
	classes = {
	};
	objectVersion = 51;
	objects = {

/* Begin PBXBuildFile section */
		31E3FE9E26C4EBA9008DAD43 /* BaseService.swift in Sources */ = {isa = PBXBuildFile; fileRef = 31E3FE9D26C4EBA9008DAD43 /* BaseService.swift */; };
		31E3FEF826C4F5C2008DAD43 /* Alias.swift in Sources */ = {isa = PBXBuildFile; fileRef = 31E3FEF726C4F5C2008DAD43 /* Alias.swift */; };
		31E3FEFD26C4F678008DAD43 /* Enums.swift in Sources */ = {isa = PBXBuildFile; fileRef = 31E3FEFC26C4F678008DAD43 /* Enums.swift */; };
		31E3FF0226C4F844008DAD43 /* SwiftyUserDefaults+Extension.swift in Sources */ = {isa = PBXBuildFile; fileRef = 31E3FF0126C4F844008DAD43 /* SwiftyUserDefaults+Extension.swift */; };
		31E3FF0926C4FA4A008DAD43 /* ISO8601+DateFormatter.swift in Sources */ = {isa = PBXBuildFile; fileRef = 31E3FF0826C4FA4A008DAD43 /* ISO8601+DateFormatter.swift */; };
		31E3FF1426C4FB66008DAD43 /* JSONDecoder+Extension.swift in Sources */ = {isa = PBXBuildFile; fileRef = 31E3FF1326C4FB66008DAD43 /* JSONDecoder+Extension.swift */; };
		31E3FF1926C4FE2D008DAD43 /* NSError+Extension.swift in Sources */ = {isa = PBXBuildFile; fileRef = 31E3FF1826C4FE2D008DAD43 /* NSError+Extension.swift */; };
		31E3FF2A26C4FF7D008DAD43 /* ProgesssHud.swift in Sources */ = {isa = PBXBuildFile; fileRef = 31E3FF2926C4FF7D008DAD43 /* ProgesssHud.swift */; };
		31E3FF3F26C50018008DAD43 /* FloatClean+Extension.swift in Sources */ = {isa = PBXBuildFile; fileRef = 31E3FF3E26C50018008DAD43 /* FloatClean+Extension.swift */; };
		48E29837247A37FC00B6A520 /* MovieTests.swift in Sources */ = {isa = PBXBuildFile; fileRef = 48E29836247A37FC00B6A520 /* MovieTests.swift */; };
		48E29842247A37FC00B6A520 /* MovieUITests.swift in Sources */ = {isa = PBXBuildFile; fileRef = 48E29841247A37FC00B6A520 /* MovieUITests.swift */; };
		48FD44C524839C0E004975D4 /* R.generated.swift in Sources */ = {isa = PBXBuildFile; fileRef = 48FD44BE24839C0E004975D4 /* R.generated.swift */; };
		48FD44C624839C0E004975D4 /* ViewController.swift in Sources */ = {isa = PBXBuildFile; fileRef = 48FD44C024839C0E004975D4 /* ViewController.swift */; };
		48FD44C724839C0E004975D4 /* AppDelegate.swift in Sources */ = {isa = PBXBuildFile; fileRef = 48FD44C124839C0E004975D4 /* AppDelegate.swift */; };
		48FD44C824839C0E004975D4 /* SceneDelegate.swift in Sources */ = {isa = PBXBuildFile; fileRef = 48FD44C224839C0E004975D4 /* SceneDelegate.swift */; };
		48FD44CF24839C7A004975D4 /* Assets.xcassets in Resources */ = {isa = PBXBuildFile; fileRef = 48FD44CA24839C7A004975D4 /* Assets.xcassets */; };
		48FD44D024839C7A004975D4 /* LaunchScreen.storyboard in Resources */ = {isa = PBXBuildFile; fileRef = 48FD44CB24839C7A004975D4 /* LaunchScreen.storyboard */; };
		48FD44D124839C7A004975D4 /* Main.storyboard in Resources */ = {isa = PBXBuildFile; fileRef = 48FD44CD24839C7A004975D4 /* Main.storyboard */; };
		48FD44D524839CFA004975D4 /* Color.xcassets in Resources */ = {isa = PBXBuildFile; fileRef = 48FD44D424839CFA004975D4 /* Color.xcassets */; };
		B74183E327FD7B1500C0F9F3 /* MovieCellViewModel.swift in Sources */ = {isa = PBXBuildFile; fileRef = B74183DF27FD7B1500C0F9F3 /* MovieCellViewModel.swift */; };
		B74183E427FD7B1500C0F9F3 /* MovieCell.swift in Sources */ = {isa = PBXBuildFile; fileRef = B74183E027FD7B1500C0F9F3 /* MovieCell.swift */; };
		B74183E527FD7B1500C0F9F3 /* MovieCellViewModelProtocol.swift in Sources */ = {isa = PBXBuildFile; fileRef = B74183E127FD7B1500C0F9F3 /* MovieCellViewModelProtocol.swift */; };
		B74183E627FD7B1500C0F9F3 /* MovieCell.xib in Resources */ = {isa = PBXBuildFile; fileRef = B74183E227FD7B1500C0F9F3 /* MovieCell.xib */; };
		B74183EA27FD7E2600C0F9F3 /* MovieViewModelProtocol.swift in Sources */ = {isa = PBXBuildFile; fileRef = B74183E727FD7E2600C0F9F3 /* MovieViewModelProtocol.swift */; };
		B74183EB27FD7E2600C0F9F3 /* MovieController.swift in Sources */ = {isa = PBXBuildFile; fileRef = B74183E827FD7E2600C0F9F3 /* MovieController.swift */; };
		B74183EC27FD7E2600C0F9F3 /* MovieViewModel.swift in Sources */ = {isa = PBXBuildFile; fileRef = B74183E927FD7E2600C0F9F3 /* MovieViewModel.swift */; };
		B74183F427FD811900C0F9F3 /* MovieService.swift in Sources */ = {isa = PBXBuildFile; fileRef = B74183F227FD811900C0F9F3 /* MovieService.swift */; };
		B74183F527FD811900C0F9F3 /* MovieServiceProtocol.swift in Sources */ = {isa = PBXBuildFile; fileRef = B74183F327FD811900C0F9F3 /* MovieServiceProtocol.swift */; };
		B74183F827FD820B00C0F9F3 /* MovieResponse.swift in Sources */ = {isa = PBXBuildFile; fileRef = B74183F727FD820B00C0F9F3 /* MovieResponse.swift */; };
		B74183FA27FD844A00C0F9F3 /* EndPoints.swift in Sources */ = {isa = PBXBuildFile; fileRef = B74183F927FD844A00C0F9F3 /* EndPoints.swift */; };
		B757647C27FEB08E0003F9E3 /* MovieDetailsViewModelProtocol.swift in Sources */ = {isa = PBXBuildFile; fileRef = B757647927FEB08E0003F9E3 /* MovieDetailsViewModelProtocol.swift */; };
		B757647D27FEB08E0003F9E3 /* MovieDetailsController.swift in Sources */ = {isa = PBXBuildFile; fileRef = B757647A27FEB08E0003F9E3 /* MovieDetailsController.swift */; };
		B757647E27FEB08E0003F9E3 /* MovieDetailsViewModel.swift in Sources */ = {isa = PBXBuildFile; fileRef = B757647B27FEB08E0003F9E3 /* MovieDetailsViewModel.swift */; };
		B757648027FEB4DC0003F9E3 /* MovieDetails.swift in Sources */ = {isa = PBXBuildFile; fileRef = B757647F27FEB4DC0003F9E3 /* MovieDetails.swift */; };
		B757648227FEC3900003F9E3 /* UIImageView+KingFisher.swift in Sources */ = {isa = PBXBuildFile; fileRef = B757648127FEC3900003F9E3 /* UIImageView+KingFisher.swift */; };
		B757648427FED2550003F9E3 /* String+Attributes.swift in Sources */ = {isa = PBXBuildFile; fileRef = B757648327FED2550003F9E3 /* String+Attributes.swift */; };
		B769749927B0F74A00B4FB06 /* AppDelegate+Setup.swift in Sources */ = {isa = PBXBuildFile; fileRef = B769749827B0F74A00B4FB06 /* AppDelegate+Setup.swift */; };
		B769749C27B0F88600B4FB06 /* Model.swift in Sources */ = {isa = PBXBuildFile; fileRef = B769749B27B0F88600B4FB06 /* Model.swift */; };
		B76974A027B0F95B00B4FB06 /* ResponseModel.swift in Sources */ = {isa = PBXBuildFile; fileRef = B769749F27B0F95B00B4FB06 /* ResponseModel.swift */; };
		B779C7F2271FE6F800AFFE10 /* View+Design.swift in Sources */ = {isa = PBXBuildFile; fileRef = B779C7F1271FE6F800AFFE10 /* View+Design.swift */; };
		B7B169DB27FEDFFC002D862F /* UINavigationBar+Color.swift in Sources */ = {isa = PBXBuildFile; fileRef = B7B169DA27FEDFFC002D862F /* UINavigationBar+Color.swift */; };
		B7C6231527FD92DB0091E820 /* Localizable.strings in Resources */ = {isa = PBXBuildFile; fileRef = B7C6231427FD92DB0091E820 /* Localizable.strings */; };
		B7C6231727FD9C9F0091E820 /* MovieParameters.swift in Sources */ = {isa = PBXBuildFile; fileRef = B7C6231627FD9C9F0091E820 /* MovieParameters.swift */; };
		B7C6232127FE93D00091E820 /* MovieSearchResultViewModelProtocol.swift in Sources */ = {isa = PBXBuildFile; fileRef = B7C6231E27FE93D00091E820 /* MovieSearchResultViewModelProtocol.swift */; };
		B7C6232227FE93D00091E820 /* MovieSearchResultController.swift in Sources */ = {isa = PBXBuildFile; fileRef = B7C6231F27FE93D00091E820 /* MovieSearchResultController.swift */; };
		B7C6232327FE93D00091E820 /* MovieSearchResultViewModel.swift in Sources */ = {isa = PBXBuildFile; fileRef = B7C6232027FE93D00091E820 /* MovieSearchResultViewModel.swift */; };
		B7C6232627FE982F0091E820 /* TiggerableProtocols.swift in Sources */ = {isa = PBXBuildFile; fileRef = B7C6232527FE982F0091E820 /* TiggerableProtocols.swift */; };
		B7F7BDF8F0CE18354CCBF687 /* Pods_Movie.framework in Frameworks */ = {isa = PBXBuildFile; fileRef = 9785DED81433C75186560A01 /* Pods_Movie.framework */; };
/* End PBXBuildFile section */

/* Begin PBXContainerItemProxy section */
		48E29833247A37FC00B6A520 /* PBXContainerItemProxy */ = {
			isa = PBXContainerItemProxy;
			containerPortal = 48E29814247A37F900B6A520 /* Project object */;
			proxyType = 1;
			remoteGlobalIDString = 48E2981B247A37F900B6A520;
			remoteInfo = Movie;
		};
		48E2983E247A37FC00B6A520 /* PBXContainerItemProxy */ = {
			isa = PBXContainerItemProxy;
			containerPortal = 48E29814247A37F900B6A520 /* Project object */;
			proxyType = 1;
			remoteGlobalIDString = 48E2981B247A37F900B6A520;
			remoteInfo = Movie;
		};
/* End PBXContainerItemProxy section */

/* Begin PBXFileReference section */
		14BF60F8CC1561DD64184B19 /* Pods-Movie.debug.xcconfig */ = {isa = PBXFileReference; includeInIndex = 1; lastKnownFileType = text.xcconfig; name = "Pods-Movie.debug.xcconfig"; path = "Target Support Files/Pods-Movie/Pods-Movie.debug.xcconfig"; sourceTree = "<group>"; };
		31E3FE9D26C4EBA9008DAD43 /* BaseService.swift */ = {isa = PBXFileReference; lastKnownFileType = sourcecode.swift; path = BaseService.swift; sourceTree = "<group>"; };
		31E3FEF726C4F5C2008DAD43 /* Alias.swift */ = {isa = PBXFileReference; lastKnownFileType = sourcecode.swift; path = Alias.swift; sourceTree = "<group>"; };
		31E3FEFC26C4F678008DAD43 /* Enums.swift */ = {isa = PBXFileReference; lastKnownFileType = sourcecode.swift; path = Enums.swift; sourceTree = "<group>"; };
		31E3FF0126C4F844008DAD43 /* SwiftyUserDefaults+Extension.swift */ = {isa = PBXFileReference; lastKnownFileType = sourcecode.swift; path = "SwiftyUserDefaults+Extension.swift"; sourceTree = "<group>"; };
		31E3FF0826C4FA4A008DAD43 /* ISO8601+DateFormatter.swift */ = {isa = PBXFileReference; lastKnownFileType = sourcecode.swift; path = "ISO8601+DateFormatter.swift"; sourceTree = "<group>"; };
		31E3FF1326C4FB66008DAD43 /* JSONDecoder+Extension.swift */ = {isa = PBXFileReference; lastKnownFileType = sourcecode.swift; path = "JSONDecoder+Extension.swift"; sourceTree = "<group>"; };
		31E3FF1826C4FE2D008DAD43 /* NSError+Extension.swift */ = {isa = PBXFileReference; lastKnownFileType = sourcecode.swift; path = "NSError+Extension.swift"; sourceTree = "<group>"; };
		31E3FF2926C4FF7D008DAD43 /* ProgesssHud.swift */ = {isa = PBXFileReference; lastKnownFileType = sourcecode.swift; path = ProgesssHud.swift; sourceTree = "<group>"; };
		31E3FF3E26C50018008DAD43 /* FloatClean+Extension.swift */ = {isa = PBXFileReference; lastKnownFileType = sourcecode.swift; path = "FloatClean+Extension.swift"; sourceTree = "<group>"; };
		48E2981C247A37F900B6A520 /* Movie.app */ = {isa = PBXFileReference; explicitFileType = wrapper.application; includeInIndex = 0; path = Movie.app; sourceTree = BUILT_PRODUCTS_DIR; };
		48E2982D247A37FC00B6A520 /* Info.plist */ = {isa = PBXFileReference; lastKnownFileType = text.plist.xml; path = Info.plist; sourceTree = "<group>"; };
		48E29832247A37FC00B6A520 /* MovieTests.xctest */ = {isa = PBXFileReference; explicitFileType = wrapper.cfbundle; includeInIndex = 0; path = MovieTests.xctest; sourceTree = BUILT_PRODUCTS_DIR; };
		48E29836247A37FC00B6A520 /* MovieTests.swift */ = {isa = PBXFileReference; lastKnownFileType = sourcecode.swift; path = MovieTests.swift; sourceTree = "<group>"; };
		48E29838247A37FC00B6A520 /* Info.plist */ = {isa = PBXFileReference; lastKnownFileType = text.plist.xml; path = Info.plist; sourceTree = "<group>"; };
		48E2983D247A37FC00B6A520 /* MovieUITests.xctest */ = {isa = PBXFileReference; explicitFileType = wrapper.cfbundle; includeInIndex = 0; path = MovieUITests.xctest; sourceTree = BUILT_PRODUCTS_DIR; };
		48E29841247A37FC00B6A520 /* MovieUITests.swift */ = {isa = PBXFileReference; lastKnownFileType = sourcecode.swift; path = MovieUITests.swift; sourceTree = "<group>"; };
		48E29843247A37FC00B6A520 /* Info.plist */ = {isa = PBXFileReference; lastKnownFileType = text.plist.xml; path = Info.plist; sourceTree = "<group>"; };
		48FD44BE24839C0E004975D4 /* R.generated.swift */ = {isa = PBXFileReference; fileEncoding = 4; lastKnownFileType = sourcecode.swift; path = R.generated.swift; sourceTree = "<group>"; };
		48FD44C024839C0E004975D4 /* ViewController.swift */ = {isa = PBXFileReference; fileEncoding = 4; lastKnownFileType = sourcecode.swift; path = ViewController.swift; sourceTree = "<group>"; };
		48FD44C124839C0E004975D4 /* AppDelegate.swift */ = {isa = PBXFileReference; fileEncoding = 4; lastKnownFileType = sourcecode.swift; path = AppDelegate.swift; sourceTree = "<group>"; };
		48FD44C224839C0E004975D4 /* SceneDelegate.swift */ = {isa = PBXFileReference; fileEncoding = 4; lastKnownFileType = sourcecode.swift; path = SceneDelegate.swift; sourceTree = "<group>"; };
		48FD44CA24839C7A004975D4 /* Assets.xcassets */ = {isa = PBXFileReference; lastKnownFileType = folder.assetcatalog; path = Assets.xcassets; sourceTree = "<group>"; };
		48FD44CC24839C7A004975D4 /* Base */ = {isa = PBXFileReference; lastKnownFileType = file.storyboard; name = Base; path = Base.lproj/LaunchScreen.storyboard; sourceTree = "<group>"; };
		48FD44CE24839C7A004975D4 /* Base */ = {isa = PBXFileReference; lastKnownFileType = file.storyboard; name = Base; path = Base.lproj/Main.storyboard; sourceTree = "<group>"; };
		48FD44D424839CFA004975D4 /* Color.xcassets */ = {isa = PBXFileReference; lastKnownFileType = folder.assetcatalog; path = Color.xcassets; sourceTree = "<group>"; };
		4AA1EF9E020742109F698F88 /* Pods-Movie.release.xcconfig */ = {isa = PBXFileReference; includeInIndex = 1; lastKnownFileType = text.xcconfig; name = "Pods-Movie.release.xcconfig"; path = "Target Support Files/Pods-Movie/Pods-Movie.release.xcconfig"; sourceTree = "<group>"; };
		9785DED81433C75186560A01 /* Pods_Movie.framework */ = {isa = PBXFileReference; explicitFileType = wrapper.framework; includeInIndex = 0; path = Pods_Movie.framework; sourceTree = BUILT_PRODUCTS_DIR; };
		B74183DF27FD7B1500C0F9F3 /* MovieCellViewModel.swift */ = {isa = PBXFileReference; lastKnownFileType = sourcecode.swift; path = MovieCellViewModel.swift; sourceTree = "<group>"; };
		B74183E027FD7B1500C0F9F3 /* MovieCell.swift */ = {isa = PBXFileReference; lastKnownFileType = sourcecode.swift; path = MovieCell.swift; sourceTree = "<group>"; };
		B74183E127FD7B1500C0F9F3 /* MovieCellViewModelProtocol.swift */ = {isa = PBXFileReference; lastKnownFileType = sourcecode.swift; path = MovieCellViewModelProtocol.swift; sourceTree = "<group>"; };
		B74183E227FD7B1500C0F9F3 /* MovieCell.xib */ = {isa = PBXFileReference; lastKnownFileType = file.xib; path = MovieCell.xib; sourceTree = "<group>"; };
		B74183E727FD7E2600C0F9F3 /* MovieViewModelProtocol.swift */ = {isa = PBXFileReference; lastKnownFileType = sourcecode.swift; path = MovieViewModelProtocol.swift; sourceTree = "<group>"; };
		B74183E827FD7E2600C0F9F3 /* MovieController.swift */ = {isa = PBXFileReference; lastKnownFileType = sourcecode.swift; path = MovieController.swift; sourceTree = "<group>"; };
		B74183E927FD7E2600C0F9F3 /* MovieViewModel.swift */ = {isa = PBXFileReference; lastKnownFileType = sourcecode.swift; path = MovieViewModel.swift; sourceTree = "<group>"; };
		B74183F227FD811900C0F9F3 /* MovieService.swift */ = {isa = PBXFileReference; lastKnownFileType = sourcecode.swift; path = MovieService.swift; sourceTree = "<group>"; };
		B74183F327FD811900C0F9F3 /* MovieServiceProtocol.swift */ = {isa = PBXFileReference; lastKnownFileType = sourcecode.swift; path = MovieServiceProtocol.swift; sourceTree = "<group>"; };
		B74183F727FD820B00C0F9F3 /* MovieResponse.swift */ = {isa = PBXFileReference; lastKnownFileType = sourcecode.swift; path = MovieResponse.swift; sourceTree = "<group>"; };
		B74183F927FD844A00C0F9F3 /* EndPoints.swift */ = {isa = PBXFileReference; lastKnownFileType = sourcecode.swift; path = EndPoints.swift; sourceTree = "<group>"; };
		B757647927FEB08E0003F9E3 /* MovieDetailsViewModelProtocol.swift */ = {isa = PBXFileReference; lastKnownFileType = sourcecode.swift; path = MovieDetailsViewModelProtocol.swift; sourceTree = "<group>"; };
		B757647A27FEB08E0003F9E3 /* MovieDetailsController.swift */ = {isa = PBXFileReference; lastKnownFileType = sourcecode.swift; path = MovieDetailsController.swift; sourceTree = "<group>"; };
		B757647B27FEB08E0003F9E3 /* MovieDetailsViewModel.swift */ = {isa = PBXFileReference; lastKnownFileType = sourcecode.swift; path = MovieDetailsViewModel.swift; sourceTree = "<group>"; };
		B757647F27FEB4DC0003F9E3 /* MovieDetails.swift */ = {isa = PBXFileReference; lastKnownFileType = sourcecode.swift; path = MovieDetails.swift; sourceTree = "<group>"; };
		B757648127FEC3900003F9E3 /* UIImageView+KingFisher.swift */ = {isa = PBXFileReference; lastKnownFileType = sourcecode.swift; path = "UIImageView+KingFisher.swift"; sourceTree = "<group>"; };
		B757648327FED2550003F9E3 /* String+Attributes.swift */ = {isa = PBXFileReference; lastKnownFileType = sourcecode.swift; path = "String+Attributes.swift"; sourceTree = "<group>"; };
		B769749827B0F74A00B4FB06 /* AppDelegate+Setup.swift */ = {isa = PBXFileReference; lastKnownFileType = sourcecode.swift; path = "AppDelegate+Setup.swift"; sourceTree = "<group>"; };
		B769749B27B0F88600B4FB06 /* Model.swift */ = {isa = PBXFileReference; lastKnownFileType = sourcecode.swift; path = Model.swift; sourceTree = "<group>"; };
		B769749F27B0F95B00B4FB06 /* ResponseModel.swift */ = {isa = PBXFileReference; lastKnownFileType = sourcecode.swift; path = ResponseModel.swift; sourceTree = "<group>"; };
		B779C7F1271FE6F800AFFE10 /* View+Design.swift */ = {isa = PBXFileReference; lastKnownFileType = sourcecode.swift; path = "View+Design.swift"; sourceTree = "<group>"; };
		B7B169DA27FEDFFC002D862F /* UINavigationBar+Color.swift */ = {isa = PBXFileReference; lastKnownFileType = sourcecode.swift; path = "UINavigationBar+Color.swift"; sourceTree = "<group>"; };
		B7C6231427FD92DB0091E820 /* Localizable.strings */ = {isa = PBXFileReference; lastKnownFileType = text.plist.strings; path = Localizable.strings; sourceTree = "<group>"; };
		B7C6231627FD9C9F0091E820 /* MovieParameters.swift */ = {isa = PBXFileReference; lastKnownFileType = sourcecode.swift; path = MovieParameters.swift; sourceTree = "<group>"; };
		B7C6231E27FE93D00091E820 /* MovieSearchResultViewModelProtocol.swift */ = {isa = PBXFileReference; lastKnownFileType = sourcecode.swift; path = MovieSearchResultViewModelProtocol.swift; sourceTree = "<group>"; };
		B7C6231F27FE93D00091E820 /* MovieSearchResultController.swift */ = {isa = PBXFileReference; lastKnownFileType = sourcecode.swift; path = MovieSearchResultController.swift; sourceTree = "<group>"; };
		B7C6232027FE93D00091E820 /* MovieSearchResultViewModel.swift */ = {isa = PBXFileReference; lastKnownFileType = sourcecode.swift; path = MovieSearchResultViewModel.swift; sourceTree = "<group>"; };
		B7C6232527FE982F0091E820 /* TiggerableProtocols.swift */ = {isa = PBXFileReference; lastKnownFileType = sourcecode.swift; path = TiggerableProtocols.swift; sourceTree = "<group>"; };
/* End PBXFileReference section */

/* Begin PBXFrameworksBuildPhase section */
		48E29819247A37F900B6A520 /* Frameworks */ = {
			isa = PBXFrameworksBuildPhase;
			buildActionMask = 2147483647;
			files = (
				B7F7BDF8F0CE18354CCBF687 /* Pods_Movie.framework in Frameworks */,
			);
			runOnlyForDeploymentPostprocessing = 0;
		};
		48E2982F247A37FC00B6A520 /* Frameworks */ = {
			isa = PBXFrameworksBuildPhase;
			buildActionMask = 2147483647;
			files = (
			);
			runOnlyForDeploymentPostprocessing = 0;
		};
		48E2983A247A37FC00B6A520 /* Frameworks */ = {
			isa = PBXFrameworksBuildPhase;
			buildActionMask = 2147483647;
			files = (
			);
			runOnlyForDeploymentPostprocessing = 0;
		};
/* End PBXFrameworksBuildPhase section */

/* Begin PBXGroup section */
		31E3FE9C26C4EB97008DAD43 /* Network */ = {
			isa = PBXGroup;
			children = (
				31E3FE9D26C4EBA9008DAD43 /* BaseService.swift */,
			);
			path = Network;
			sourceTree = "<group>";
		};
		31E3FEE826C4F2E6008DAD43 /* MainViewController */ = {
			isa = PBXGroup;
			children = (
				48FD44CD24839C7A004975D4 /* Main.storyboard */,
				B74183ED27FD80E600C0F9F3 /* Services */,
				31E3FEEA26C4F2E6008DAD43 /* ReusableCell */,
				31E3FEEC26C4F2E6008DAD43 /* Model */,
				B74183E727FD7E2600C0F9F3 /* MovieViewModelProtocol.swift */,
				B74183E827FD7E2600C0F9F3 /* MovieController.swift */,
				B74183E927FD7E2600C0F9F3 /* MovieViewModel.swift */,
				B7C6231E27FE93D00091E820 /* MovieSearchResultViewModelProtocol.swift */,
				B7C6231F27FE93D00091E820 /* MovieSearchResultController.swift */,
				B7C6232027FE93D00091E820 /* MovieSearchResultViewModel.swift */,
				B757647927FEB08E0003F9E3 /* MovieDetailsViewModelProtocol.swift */,
				B757647A27FEB08E0003F9E3 /* MovieDetailsController.swift */,
				B757647B27FEB08E0003F9E3 /* MovieDetailsViewModel.swift */,
			);
			path = MainViewController;
			sourceTree = "<group>";
		};
		31E3FEEA26C4F2E6008DAD43 /* ReusableCell */ = {
			isa = PBXGroup;
			children = (
				B74183DF27FD7B1500C0F9F3 /* MovieCellViewModel.swift */,
				B74183E027FD7B1500C0F9F3 /* MovieCell.swift */,
				B74183E127FD7B1500C0F9F3 /* MovieCellViewModelProtocol.swift */,
				B74183E227FD7B1500C0F9F3 /* MovieCell.xib */,
			);
			path = ReusableCell;
			sourceTree = "<group>";
		};
		31E3FEEC26C4F2E6008DAD43 /* Model */ = {
			isa = PBXGroup;
			children = (
				B74183F727FD820B00C0F9F3 /* MovieResponse.swift */,
				B7C6231627FD9C9F0091E820 /* MovieParameters.swift */,
				B757647F27FEB4DC0003F9E3 /* MovieDetails.swift */,
			);
			path = Model;
			sourceTree = "<group>";
		};
		31E3FF2826C4FF6E008DAD43 /* HelperClasses */ = {
			isa = PBXGroup;
			children = (
				31E3FF2926C4FF7D008DAD43 /* ProgesssHud.swift */,
			);
			path = HelperClasses;
			sourceTree = "<group>";
		};
		48E29813247A37F900B6A520 = {
			isa = PBXGroup;
			children = (
				48E2981E247A37F900B6A520 /* Movie */,
				48E29835247A37FC00B6A520 /* MovieTests */,
				48E29840247A37FC00B6A520 /* MovieUITests */,
				48E2981D247A37F900B6A520 /* Products */,
				BDA85CC4FE816C8AD9B5FDCE /* Pods */,
				CDCE6DEEE9CFACFE3B4D1821 /* Frameworks */,
			);
			sourceTree = "<group>";
		};
		48E2981D247A37F900B6A520 /* Products */ = {
			isa = PBXGroup;
			children = (
				48E2981C247A37F900B6A520 /* Movie.app */,
				48E29832247A37FC00B6A520 /* MovieTests.xctest */,
				48E2983D247A37FC00B6A520 /* MovieUITests.xctest */,
			);
			name = Products;
			sourceTree = "<group>";
		};
		48E2981E247A37F900B6A520 /* Movie */ = {
			isa = PBXGroup;
			children = (
				31E3FE9C26C4EB97008DAD43 /* Network */,
				48FD44C924839C7A004975D4 /* Resources */,
				48FD44C424839C0E004975D4 /* Extensions */,
				48FD44B724839C0E004975D4 /* Controllers */,
				48FD44BC24839C0E004975D4 /* Helpers */,
				48FD44BF24839C0E004975D4 /* Module */,
				48FD44C324839C0E004975D4 /* Utility */,
				48E2982D247A37FC00B6A520 /* Info.plist */,
			);
			path = Movie;
			sourceTree = "<group>";
		};
		48E29835247A37FC00B6A520 /* MovieTests */ = {
			isa = PBXGroup;
			children = (
				48E29836247A37FC00B6A520 /* MovieTests.swift */,
				48E29838247A37FC00B6A520 /* Info.plist */,
			);
			path = MovieTests;
			sourceTree = "<group>";
		};
		48E29840247A37FC00B6A520 /* MovieUITests */ = {
			isa = PBXGroup;
			children = (
				48E29841247A37FC00B6A520 /* MovieUITests.swift */,
				48E29843247A37FC00B6A520 /* Info.plist */,
			);
			path = MovieUITests;
			sourceTree = "<group>";
		};
		48FD44B724839C0E004975D4 /* Controllers */ = {
			isa = PBXGroup;
			children = (
				31E3FEE826C4F2E6008DAD43 /* MainViewController */,
			);
			path = Controllers;
			sourceTree = "<group>";
		};
		48FD44BC24839C0E004975D4 /* Helpers */ = {
			isa = PBXGroup;
			children = (
				B7C6232427FE98150091E820 /* Protocols */,
				B779C7F0271FE6E700AFFE10 /* Designables */,
				31E3FF2826C4FF6E008DAD43 /* HelperClasses */,
				48FD44BD24839C0E004975D4 /* R-Swift */,
			);
			path = Helpers;
			sourceTree = "<group>";
		};
		48FD44BD24839C0E004975D4 /* R-Swift */ = {
			isa = PBXGroup;
			children = (
				48FD44BE24839C0E004975D4 /* R.generated.swift */,
			);
			path = "R-Swift";
			sourceTree = "<group>";
		};
		48FD44BF24839C0E004975D4 /* Module */ = {
			isa = PBXGroup;
			children = (
				48FD44C024839C0E004975D4 /* ViewController.swift */,
				48FD44C124839C0E004975D4 /* AppDelegate.swift */,
				48FD44C224839C0E004975D4 /* SceneDelegate.swift */,
				B769749827B0F74A00B4FB06 /* AppDelegate+Setup.swift */,
			);
			path = Module;
			sourceTree = "<group>";
		};
		48FD44C324839C0E004975D4 /* Utility */ = {
			isa = PBXGroup;
			children = (
				31E3FEF726C4F5C2008DAD43 /* Alias.swift */,
				31E3FEFC26C4F678008DAD43 /* Enums.swift */,
				B74183F927FD844A00C0F9F3 /* EndPoints.swift */,
			);
			path = Utility;
			sourceTree = "<group>";
		};
		48FD44C424839C0E004975D4 /* Extensions */ = {
			isa = PBXGroup;
			children = (
				B769749A27B0F87E00B4FB06 /* Core */,
				31E3FF0126C4F844008DAD43 /* SwiftyUserDefaults+Extension.swift */,
				31E3FF0826C4FA4A008DAD43 /* ISO8601+DateFormatter.swift */,
				31E3FF1326C4FB66008DAD43 /* JSONDecoder+Extension.swift */,
				31E3FF1826C4FE2D008DAD43 /* NSError+Extension.swift */,
				31E3FF3E26C50018008DAD43 /* FloatClean+Extension.swift */,
				B757648127FEC3900003F9E3 /* UIImageView+KingFisher.swift */,
				B757648327FED2550003F9E3 /* String+Attributes.swift */,
				B7B169DA27FEDFFC002D862F /* UINavigationBar+Color.swift */,
			);
			path = Extensions;
			sourceTree = "<group>";
		};
		48FD44C924839C7A004975D4 /* Resources */ = {
			isa = PBXGroup;
			children = (
				B7C6231327FD92B60091E820 /* Localizable */,
				48FD44CA24839C7A004975D4 /* Assets.xcassets */,
				48FD44D424839CFA004975D4 /* Color.xcassets */,
				48FD44CB24839C7A004975D4 /* LaunchScreen.storyboard */,
			);
			path = Resources;
			sourceTree = "<group>";
		};
		B74183ED27FD80E600C0F9F3 /* Services */ = {
			isa = PBXGroup;
			children = (
				B74183F227FD811900C0F9F3 /* MovieService.swift */,
				B74183F327FD811900C0F9F3 /* MovieServiceProtocol.swift */,
			);
			path = Services;
			sourceTree = "<group>";
		};
		B769749A27B0F87E00B4FB06 /* Core */ = {
			isa = PBXGroup;
			children = (
				B769749B27B0F88600B4FB06 /* Model.swift */,
				B769749F27B0F95B00B4FB06 /* ResponseModel.swift */,
			);
			path = Core;
			sourceTree = "<group>";
		};
		B779C7F0271FE6E700AFFE10 /* Designables */ = {
			isa = PBXGroup;
			children = (
				B779C7F1271FE6F800AFFE10 /* View+Design.swift */,
			);
			path = Designables;
			sourceTree = "<group>";
		};
		B7C6231327FD92B60091E820 /* Localizable */ = {
			isa = PBXGroup;
			children = (
				B7C6231427FD92DB0091E820 /* Localizable.strings */,
			);
			path = Localizable;
			sourceTree = "<group>";
		};
		B7C6232427FE98150091E820 /* Protocols */ = {
			isa = PBXGroup;
			children = (
				B7C6232527FE982F0091E820 /* TiggerableProtocols.swift */,
			);
			path = Protocols;
			sourceTree = "<group>";
		};
		BDA85CC4FE816C8AD9B5FDCE /* Pods */ = {
			isa = PBXGroup;
			children = (
				14BF60F8CC1561DD64184B19 /* Pods-Movie.debug.xcconfig */,
				4AA1EF9E020742109F698F88 /* Pods-Movie.release.xcconfig */,
			);
			path = Pods;
			sourceTree = "<group>";
		};
		CDCE6DEEE9CFACFE3B4D1821 /* Frameworks */ = {
			isa = PBXGroup;
			children = (
				9785DED81433C75186560A01 /* Pods_Movie.framework */,
			);
			name = Frameworks;
			sourceTree = "<group>";
		};
/* End PBXGroup section */

/* Begin PBXNativeTarget section */
		48E2981B247A37F900B6A520 /* Movie */ = {
			isa = PBXNativeTarget;
			buildConfigurationList = 48E29846247A37FC00B6A520 /* Build configuration list for PBXNativeTarget "Movie" */;
			buildPhases = (
				2FE15FAA17069200B88C1743 /* [CP] Check Pods Manifest.lock */,
				48FD44B0248399A3004975D4 /* R.swift */,
				48FD44AF2483955B004975D4 /* SwiftLint */,
				48E29818247A37F900B6A520 /* Sources */,
				48E29819247A37F900B6A520 /* Frameworks */,
				48E2981A247A37F900B6A520 /* Resources */,
				BEC6F5E63C5EACBE9BEE3B09 /* [CP] Embed Pods Frameworks */,
			);
			buildRules = (
			);
			dependencies = (
			);
			name = Movie;
			productName = Movie;
			productReference = 48E2981C247A37F900B6A520 /* Movie.app */;
			productType = "com.apple.product-type.application";
		};
		48E29831247A37FC00B6A520 /* MovieTests */ = {
			isa = PBXNativeTarget;
			buildConfigurationList = 48E29849247A37FC00B6A520 /* Build configuration list for PBXNativeTarget "MovieTests" */;
			buildPhases = (
				48E2982E247A37FC00B6A520 /* Sources */,
				48E2982F247A37FC00B6A520 /* Frameworks */,
				48E29830247A37FC00B6A520 /* Resources */,
			);
			buildRules = (
			);
			dependencies = (
				48E29834247A37FC00B6A520 /* PBXTargetDependency */,
			);
			name = MovieTests;
			productName = MovieTests;
			productReference = 48E29832247A37FC00B6A520 /* MovieTests.xctest */;
			productType = "com.apple.product-type.bundle.unit-test";
		};
		48E2983C247A37FC00B6A520 /* MovieUITests */ = {
			isa = PBXNativeTarget;
			buildConfigurationList = 48E2984C247A37FC00B6A520 /* Build configuration list for PBXNativeTarget "MovieUITests" */;
			buildPhases = (
				48E29839247A37FC00B6A520 /* Sources */,
				48E2983A247A37FC00B6A520 /* Frameworks */,
				48E2983B247A37FC00B6A520 /* Resources */,
			);
			buildRules = (
			);
			dependencies = (
				48E2983F247A37FC00B6A520 /* PBXTargetDependency */,
			);
			name = MovieUITests;
			productName = MovieUITests;
			productReference = 48E2983D247A37FC00B6A520 /* MovieUITests.xctest */;
			productType = "com.apple.product-type.bundle.ui-testing";
		};
/* End PBXNativeTarget section */

/* Begin PBXProject section */
		48E29814247A37F900B6A520 /* Project object */ = {
			isa = PBXProject;
			attributes = {
				LastSwiftUpdateCheck = 1130;
				LastUpgradeCheck = 1240;
				ORGANIZATIONNAME = "Louise Nicolas Namoc";
				TargetAttributes = {
					48E2981B247A37F900B6A520 = {
						CreatedOnToolsVersion = 11.3.1;
					};
					48E29831247A37FC00B6A520 = {
						CreatedOnToolsVersion = 11.3.1;
						TestTargetID = 48E2981B247A37F900B6A520;
					};
					48E2983C247A37FC00B6A520 = {
						CreatedOnToolsVersion = 11.3.1;
						TestTargetID = 48E2981B247A37F900B6A520;
					};
				};
			};
			buildConfigurationList = 48E29817247A37F900B6A520 /* Build configuration list for PBXProject "Movie" */;
			compatibilityVersion = "Xcode 9.3";
			developmentRegion = en;
			hasScannedForEncodings = 0;
			knownRegions = (
				en,
				Base,
			);
			mainGroup = 48E29813247A37F900B6A520;
			productRefGroup = 48E2981D247A37F900B6A520 /* Products */;
			projectDirPath = "";
			projectRoot = "";
			targets = (
				48E2981B247A37F900B6A520 /* Movie */,
				48E29831247A37FC00B6A520 /* MovieTests */,
				48E2983C247A37FC00B6A520 /* MovieUITests */,
			);
		};
/* End PBXProject section */

/* Begin PBXResourcesBuildPhase section */
		48E2981A247A37F900B6A520 /* Resources */ = {
			isa = PBXResourcesBuildPhase;
			buildActionMask = 2147483647;
			files = (
				48FD44D124839C7A004975D4 /* Main.storyboard in Resources */,
				B7C6231527FD92DB0091E820 /* Localizable.strings in Resources */,
				48FD44D524839CFA004975D4 /* Color.xcassets in Resources */,
				48FD44CF24839C7A004975D4 /* Assets.xcassets in Resources */,
				48FD44D024839C7A004975D4 /* LaunchScreen.storyboard in Resources */,
				B74183E627FD7B1500C0F9F3 /* MovieCell.xib in Resources */,
			);
			runOnlyForDeploymentPostprocessing = 0;
		};
		48E29830247A37FC00B6A520 /* Resources */ = {
			isa = PBXResourcesBuildPhase;
			buildActionMask = 2147483647;
			files = (
			);
			runOnlyForDeploymentPostprocessing = 0;
		};
		48E2983B247A37FC00B6A520 /* Resources */ = {
			isa = PBXResourcesBuildPhase;
			buildActionMask = 2147483647;
			files = (
			);
			runOnlyForDeploymentPostprocessing = 0;
		};
/* End PBXResourcesBuildPhase section */

/* Begin PBXShellScriptBuildPhase section */
		2FE15FAA17069200B88C1743 /* [CP] Check Pods Manifest.lock */ = {
			isa = PBXShellScriptBuildPhase;
			buildActionMask = 2147483647;
			files = (
			);
			inputFileListPaths = (
			);
			inputPaths = (
				"${PODS_PODFILE_DIR_PATH}/Podfile.lock",
				"${PODS_ROOT}/Manifest.lock",
			);
			name = "[CP] Check Pods Manifest.lock";
			outputFileListPaths = (
			);
			outputPaths = (
				"$(DERIVED_FILE_DIR)/Pods-Movie-checkManifestLockResult.txt",
			);
			runOnlyForDeploymentPostprocessing = 0;
			shellPath = /bin/sh;
			shellScript = "diff \"${PODS_PODFILE_DIR_PATH}/Podfile.lock\" \"${PODS_ROOT}/Manifest.lock\" > /dev/null\nif [ $? != 0 ] ; then\n    # print error to STDERR\n    echo \"error: The sandbox is not in sync with the Podfile.lock. Run 'pod install' or update your CocoaPods installation.\" >&2\n    exit 1\nfi\n# This output is used by Xcode 'outputs' to avoid re-running this script phase.\necho \"SUCCESS\" > \"${SCRIPT_OUTPUT_FILE_0}\"\n";
			showEnvVarsInLog = 0;
		};
		48FD44AF2483955B004975D4 /* SwiftLint */ = {
			isa = PBXShellScriptBuildPhase;
			buildActionMask = 2147483647;
			files = (
			);
			inputFileListPaths = (
			);
			inputPaths = (
			);
			name = SwiftLint;
			outputFileListPaths = (
			);
			outputPaths = (
			);
			runOnlyForDeploymentPostprocessing = 0;
			shellPath = /bin/sh;
			shellScript = "\"${PODS_ROOT}/SwiftLint/swiftlint\"\n";
		};
		48FD44B0248399A3004975D4 /* R.swift */ = {
			isa = PBXShellScriptBuildPhase;
			buildActionMask = 2147483647;
			files = (
			);
			inputFileListPaths = (
			);
			inputPaths = (
				"$TEMP_DIR/rswift-lastrun",
			);
			name = R.swift;
			outputFileListPaths = (
				"",
			);
			outputPaths = (
				"$SRCROOT/Movie/Helpers/R-Swift/R.generated.swift",
			);
			runOnlyForDeploymentPostprocessing = 0;
			shellPath = /bin/sh;
			shellScript = "\"$PODS_ROOT/R.swift/rswift\" generate \"$SRCROOT/Movie/Helpers/R-Swift/R.generated.swift\"\n";
		};
		BEC6F5E63C5EACBE9BEE3B09 /* [CP] Embed Pods Frameworks */ = {
			isa = PBXShellScriptBuildPhase;
			buildActionMask = 2147483647;
			files = (
			);
			inputFileListPaths = (
				"${PODS_ROOT}/Target Support Files/Pods-Movie/Pods-Movie-frameworks-${CONFIGURATION}-input-files.xcfilelist",
			);
			name = "[CP] Embed Pods Frameworks";
			outputFileListPaths = (
				"${PODS_ROOT}/Target Support Files/Pods-Movie/Pods-Movie-frameworks-${CONFIGURATION}-output-files.xcfilelist",
			);
			runOnlyForDeploymentPostprocessing = 0;
			shellPath = /bin/sh;
			shellScript = "\"${PODS_ROOT}/Target Support Files/Pods-Movie/Pods-Movie-frameworks.sh\"\n";
			showEnvVarsInLog = 0;
		};
/* End PBXShellScriptBuildPhase section */

/* Begin PBXSourcesBuildPhase section */
		48E29818247A37F900B6A520 /* Sources */ = {
			isa = PBXSourcesBuildPhase;
			buildActionMask = 2147483647;
			files = (
				31E3FF2A26C4FF7D008DAD43 /* ProgesssHud.swift in Sources */,
				31E3FF0926C4FA4A008DAD43 /* ISO8601+DateFormatter.swift in Sources */,
				B7C6232627FE982F0091E820 /* TiggerableProtocols.swift in Sources */,
				31E3FF0226C4F844008DAD43 /* SwiftyUserDefaults+Extension.swift in Sources */,
				B74183E327FD7B1500C0F9F3 /* MovieCellViewModel.swift in Sources */,
				B74183E527FD7B1500C0F9F3 /* MovieCellViewModelProtocol.swift in Sources */,
				B76974A027B0F95B00B4FB06 /* ResponseModel.swift in Sources */,
				B7C6232127FE93D00091E820 /* MovieSearchResultViewModelProtocol.swift in Sources */,
				B757647E27FEB08E0003F9E3 /* MovieDetailsViewModel.swift in Sources */,
				B779C7F2271FE6F800AFFE10 /* View+Design.swift in Sources */,
				48FD44C824839C0E004975D4 /* SceneDelegate.swift in Sources */,
				31E3FEFD26C4F678008DAD43 /* Enums.swift in Sources */,
				B74183FA27FD844A00C0F9F3 /* EndPoints.swift in Sources */,
				31E3FF3F26C50018008DAD43 /* FloatClean+Extension.swift in Sources */,
				B74183F827FD820B00C0F9F3 /* MovieResponse.swift in Sources */,
				48FD44C724839C0E004975D4 /* AppDelegate.swift in Sources */,
				B74183EB27FD7E2600C0F9F3 /* MovieController.swift in Sources */,
				48FD44C624839C0E004975D4 /* ViewController.swift in Sources */,
				31E3FE9E26C4EBA9008DAD43 /* BaseService.swift in Sources */,
				B757648427FED2550003F9E3 /* String+Attributes.swift in Sources */,
				48FD44C524839C0E004975D4 /* R.generated.swift in Sources */,
				B7C6231727FD9C9F0091E820 /* MovieParameters.swift in Sources */,
				B74183E427FD7B1500C0F9F3 /* MovieCell.swift in Sources */,
				31E3FF1426C4FB66008DAD43 /* JSONDecoder+Extension.swift in Sources */,
				B7B169DB27FEDFFC002D862F /* UINavigationBar+Color.swift in Sources */,
				B769749927B0F74A00B4FB06 /* AppDelegate+Setup.swift in Sources */,
				31E3FF1926C4FE2D008DAD43 /* NSError+Extension.swift in Sources */,
				B7C6232327FE93D00091E820 /* MovieSearchResultViewModel.swift in Sources */,
				B7C6232227FE93D00091E820 /* MovieSearchResultController.swift in Sources */,
				B757647D27FEB08E0003F9E3 /* MovieDetailsController.swift in Sources */,
				B74183EA27FD7E2600C0F9F3 /* MovieViewModelProtocol.swift in Sources */,
				B74183EC27FD7E2600C0F9F3 /* MovieViewModel.swift in Sources */,
				B757648027FEB4DC0003F9E3 /* MovieDetails.swift in Sources */,
				B757648227FEC3900003F9E3 /* UIImageView+KingFisher.swift in Sources */,
				B769749C27B0F88600B4FB06 /* Model.swift in Sources */,
				B757647C27FEB08E0003F9E3 /* MovieDetailsViewModelProtocol.swift in Sources */,
				31E3FEF826C4F5C2008DAD43 /* Alias.swift in Sources */,
				B74183F527FD811900C0F9F3 /* MovieServiceProtocol.swift in Sources */,
				B74183F427FD811900C0F9F3 /* MovieService.swift in Sources */,
			);
			runOnlyForDeploymentPostprocessing = 0;
		};
		48E2982E247A37FC00B6A520 /* Sources */ = {
			isa = PBXSourcesBuildPhase;
			buildActionMask = 2147483647;
			files = (
				48E29837247A37FC00B6A520 /* MovieTests.swift in Sources */,
			);
			runOnlyForDeploymentPostprocessing = 0;
		};
		48E29839247A37FC00B6A520 /* Sources */ = {
			isa = PBXSourcesBuildPhase;
			buildActionMask = 2147483647;
			files = (
				48E29842247A37FC00B6A520 /* MovieUITests.swift in Sources */,
			);
			runOnlyForDeploymentPostprocessing = 0;
		};
/* End PBXSourcesBuildPhase section */

/* Begin PBXTargetDependency section */
		48E29834247A37FC00B6A520 /* PBXTargetDependency */ = {
			isa = PBXTargetDependency;
			target = 48E2981B247A37F900B6A520 /* Movie */;
			targetProxy = 48E29833247A37FC00B6A520 /* PBXContainerItemProxy */;
		};
		48E2983F247A37FC00B6A520 /* PBXTargetDependency */ = {
			isa = PBXTargetDependency;
			target = 48E2981B247A37F900B6A520 /* Movie */;
			targetProxy = 48E2983E247A37FC00B6A520 /* PBXContainerItemProxy */;
		};
/* End PBXTargetDependency section */

/* Begin PBXVariantGroup section */
		48FD44CB24839C7A004975D4 /* LaunchScreen.storyboard */ = {
			isa = PBXVariantGroup;
			children = (
				48FD44CC24839C7A004975D4 /* Base */,
			);
			name = LaunchScreen.storyboard;
			sourceTree = "<group>";
		};
		48FD44CD24839C7A004975D4 /* Main.storyboard */ = {
			isa = PBXVariantGroup;
			children = (
				48FD44CE24839C7A004975D4 /* Base */,
			);
			name = Main.storyboard;
			sourceTree = "<group>";
		};
/* End PBXVariantGroup section */

/* Begin XCBuildConfiguration section */
		48E29844247A37FC00B6A520 /* Debug */ = {
			isa = XCBuildConfiguration;
			buildSettings = {
				ALWAYS_SEARCH_USER_PATHS = NO;
				CLANG_ANALYZER_NONNULL = YES;
				CLANG_ANALYZER_NUMBER_OBJECT_CONVERSION = YES_AGGRESSIVE;
				CLANG_CXX_LANGUAGE_STANDARD = "gnu++14";
				CLANG_CXX_LIBRARY = "libc++";
				CLANG_ENABLE_MODULES = YES;
				CLANG_ENABLE_OBJC_ARC = YES;
				CLANG_ENABLE_OBJC_WEAK = YES;
				CLANG_WARN_BLOCK_CAPTURE_AUTORELEASING = YES;
				CLANG_WARN_BOOL_CONVERSION = YES;
				CLANG_WARN_COMMA = YES;
				CLANG_WARN_CONSTANT_CONVERSION = YES;
				CLANG_WARN_DEPRECATED_OBJC_IMPLEMENTATIONS = YES;
				CLANG_WARN_DIRECT_OBJC_ISA_USAGE = YES_ERROR;
				CLANG_WARN_DOCUMENTATION_COMMENTS = YES;
				CLANG_WARN_EMPTY_BODY = YES;
				CLANG_WARN_ENUM_CONVERSION = YES;
				CLANG_WARN_INFINITE_RECURSION = YES;
				CLANG_WARN_INT_CONVERSION = YES;
				CLANG_WARN_NON_LITERAL_NULL_CONVERSION = YES;
				CLANG_WARN_OBJC_IMPLICIT_RETAIN_SELF = YES;
				CLANG_WARN_OBJC_LITERAL_CONVERSION = YES;
				CLANG_WARN_OBJC_ROOT_CLASS = YES_ERROR;
				CLANG_WARN_QUOTED_INCLUDE_IN_FRAMEWORK_HEADER = YES;
				CLANG_WARN_RANGE_LOOP_ANALYSIS = YES;
				CLANG_WARN_STRICT_PROTOTYPES = YES;
				CLANG_WARN_SUSPICIOUS_MOVE = YES;
				CLANG_WARN_UNGUARDED_AVAILABILITY = YES_AGGRESSIVE;
				CLANG_WARN_UNREACHABLE_CODE = YES;
				CLANG_WARN__DUPLICATE_METHOD_MATCH = YES;
				COPY_PHASE_STRIP = NO;
				DEBUG_INFORMATION_FORMAT = dwarf;
				ENABLE_STRICT_OBJC_MSGSEND = YES;
				ENABLE_TESTABILITY = YES;
				"EXCLUDED_ARCHS[sdk=iphonesimulator15.2]" = arm64;
				GCC_C_LANGUAGE_STANDARD = gnu11;
				GCC_DYNAMIC_NO_PIC = NO;
				GCC_NO_COMMON_BLOCKS = YES;
				GCC_OPTIMIZATION_LEVEL = 0;
				GCC_PREPROCESSOR_DEFINITIONS = (
					"DEBUG=1",
					"$(inherited)",
				);
				GCC_WARN_64_TO_32_BIT_CONVERSION = YES;
				GCC_WARN_ABOUT_RETURN_TYPE = YES_ERROR;
				GCC_WARN_UNDECLARED_SELECTOR = YES;
				GCC_WARN_UNINITIALIZED_AUTOS = YES_AGGRESSIVE;
				GCC_WARN_UNUSED_FUNCTION = YES;
				GCC_WARN_UNUSED_VARIABLE = YES;
				IPHONEOS_DEPLOYMENT_TARGET = 12.0;
				MTL_ENABLE_DEBUG_INFO = INCLUDE_SOURCE;
				MTL_FAST_MATH = YES;
				ONLY_ACTIVE_ARCH = YES;
				SDKROOT = iphoneos;
				SWIFT_ACTIVE_COMPILATION_CONDITIONS = DEBUG;
				SWIFT_OPTIMIZATION_LEVEL = "-Onone";
			};
			name = Debug;
		};
		48E29845247A37FC00B6A520 /* Release */ = {
			isa = XCBuildConfiguration;
			buildSettings = {
				ALWAYS_SEARCH_USER_PATHS = NO;
				CLANG_ANALYZER_NONNULL = YES;
				CLANG_ANALYZER_NUMBER_OBJECT_CONVERSION = YES_AGGRESSIVE;
				CLANG_CXX_LANGUAGE_STANDARD = "gnu++14";
				CLANG_CXX_LIBRARY = "libc++";
				CLANG_ENABLE_MODULES = YES;
				CLANG_ENABLE_OBJC_ARC = YES;
				CLANG_ENABLE_OBJC_WEAK = YES;
				CLANG_WARN_BLOCK_CAPTURE_AUTORELEASING = YES;
				CLANG_WARN_BOOL_CONVERSION = YES;
				CLANG_WARN_COMMA = YES;
				CLANG_WARN_CONSTANT_CONVERSION = YES;
				CLANG_WARN_DEPRECATED_OBJC_IMPLEMENTATIONS = YES;
				CLANG_WARN_DIRECT_OBJC_ISA_USAGE = YES_ERROR;
				CLANG_WARN_DOCUMENTATION_COMMENTS = YES;
				CLANG_WARN_EMPTY_BODY = YES;
				CLANG_WARN_ENUM_CONVERSION = YES;
				CLANG_WARN_INFINITE_RECURSION = YES;
				CLANG_WARN_INT_CONVERSION = YES;
				CLANG_WARN_NON_LITERAL_NULL_CONVERSION = YES;
				CLANG_WARN_OBJC_IMPLICIT_RETAIN_SELF = YES;
				CLANG_WARN_OBJC_LITERAL_CONVERSION = YES;
				CLANG_WARN_OBJC_ROOT_CLASS = YES_ERROR;
				CLANG_WARN_QUOTED_INCLUDE_IN_FRAMEWORK_HEADER = YES;
				CLANG_WARN_RANGE_LOOP_ANALYSIS = YES;
				CLANG_WARN_STRICT_PROTOTYPES = YES;
				CLANG_WARN_SUSPICIOUS_MOVE = YES;
				CLANG_WARN_UNGUARDED_AVAILABILITY = YES_AGGRESSIVE;
				CLANG_WARN_UNREACHABLE_CODE = YES;
				CLANG_WARN__DUPLICATE_METHOD_MATCH = YES;
				COPY_PHASE_STRIP = NO;
				DEBUG_INFORMATION_FORMAT = "dwarf-with-dsym";
				ENABLE_NS_ASSERTIONS = NO;
				ENABLE_STRICT_OBJC_MSGSEND = YES;
				GCC_C_LANGUAGE_STANDARD = gnu11;
				GCC_NO_COMMON_BLOCKS = YES;
				GCC_WARN_64_TO_32_BIT_CONVERSION = YES;
				GCC_WARN_ABOUT_RETURN_TYPE = YES_ERROR;
				GCC_WARN_UNDECLARED_SELECTOR = YES;
				GCC_WARN_UNINITIALIZED_AUTOS = YES_AGGRESSIVE;
				GCC_WARN_UNUSED_FUNCTION = YES;
				GCC_WARN_UNUSED_VARIABLE = YES;
				IPHONEOS_DEPLOYMENT_TARGET = 12.0;
				MTL_ENABLE_DEBUG_INFO = NO;
				MTL_FAST_MATH = YES;
				SDKROOT = iphoneos;
				SWIFT_COMPILATION_MODE = wholemodule;
				SWIFT_OPTIMIZATION_LEVEL = "-O";
				VALIDATE_PRODUCT = YES;
			};
			name = Release;
		};
		48E29847247A37FC00B6A520 /* Debug */ = {
			isa = XCBuildConfiguration;
			baseConfigurationReference = 14BF60F8CC1561DD64184B19 /* Pods-Movie.debug.xcconfig */;
			buildSettings = {
				ASSETCATALOG_COMPILER_APPICON_NAME = AppIcon;
				CODE_SIGN_STYLE = Automatic;
				"EXCLUDED_ARCHS[sdk=iphonesimulator15.2]" = arm64;
				INFOPLIST_FILE = Movie/Info.plist;
				IPHONEOS_DEPLOYMENT_TARGET = 13.0;
				LD_RUNPATH_SEARCH_PATHS = (
					"$(inherited)",
					"@executable_path/Frameworks",
				);
				PRODUCT_BUNDLE_IDENTIFIER = com.movie;
				PRODUCT_NAME = "$(TARGET_NAME)";
				SWIFT_VERSION = 5.0;
				TARGETED_DEVICE_FAMILY = "1,2";
			};
			name = Debug;
		};
		48E29848247A37FC00B6A520 /* Release */ = {
			isa = XCBuildConfiguration;
			baseConfigurationReference = 4AA1EF9E020742109F698F88 /* Pods-Movie.release.xcconfig */;
			buildSettings = {
				ASSETCATALOG_COMPILER_APPICON_NAME = AppIcon;
				CODE_SIGN_STYLE = Automatic;
				INFOPLIST_FILE = Movie/Info.plist;
				IPHONEOS_DEPLOYMENT_TARGET = 13.0;
				LD_RUNPATH_SEARCH_PATHS = (
					"$(inherited)",
					"@executable_path/Frameworks",
				);
				PRODUCT_BUNDLE_IDENTIFIER = com.movie;
				PRODUCT_NAME = "$(TARGET_NAME)";
				SWIFT_VERSION = 5.0;
				TARGETED_DEVICE_FAMILY = "1,2";
			};
			name = Release;
		};
		48E2984A247A37FC00B6A520 /* Debug */ = {
			isa = XCBuildConfiguration;
			buildSettings = {
				ALWAYS_EMBED_SWIFT_STANDARD_LIBRARIES = YES;
				BUNDLE_LOADER = "$(TEST_HOST)";
				CODE_SIGN_STYLE = Automatic;
				INFOPLIST_FILE = MovieTests/Info.plist;
				IPHONEOS_DEPLOYMENT_TARGET = 13.2;
				LD_RUNPATH_SEARCH_PATHS = (
					"$(inherited)",
					"@executable_path/Frameworks",
					"@loader_path/Frameworks",
				);
				PRODUCT_BUNDLE_IDENTIFIER = com.appetiser.MovieTests;
				PRODUCT_NAME = "$(TARGET_NAME)";
				SWIFT_VERSION = 5.0;
				TARGETED_DEVICE_FAMILY = "1,2";
				TEST_HOST = "$(BUILT_PRODUCTS_DIR)/Movie.app/Movie";
			};
			name = Debug;
		};
		48E2984B247A37FC00B6A520 /* Release */ = {
			isa = XCBuildConfiguration;
			buildSettings = {
				ALWAYS_EMBED_SWIFT_STANDARD_LIBRARIES = YES;
				BUNDLE_LOADER = "$(TEST_HOST)";
				CODE_SIGN_STYLE = Automatic;
				INFOPLIST_FILE = MovieTests/Info.plist;
				IPHONEOS_DEPLOYMENT_TARGET = 13.2;
				LD_RUNPATH_SEARCH_PATHS = (
					"$(inherited)",
					"@executable_path/Frameworks",
					"@loader_path/Frameworks",
				);
				PRODUCT_BUNDLE_IDENTIFIER = com.appetiser.MovieTests;
				PRODUCT_NAME = "$(TARGET_NAME)";
				SWIFT_VERSION = 5.0;
				TARGETED_DEVICE_FAMILY = "1,2";
				TEST_HOST = "$(BUILT_PRODUCTS_DIR)/Movie.app/Movie";
			};
			name = Release;
		};
		48E2984D247A37FC00B6A520 /* Debug */ = {
			isa = XCBuildConfiguration;
			buildSettings = {
				ALWAYS_EMBED_SWIFT_STANDARD_LIBRARIES = YES;
				CODE_SIGN_STYLE = Automatic;
				INFOPLIST_FILE = MovieUITests/Info.plist;
				LD_RUNPATH_SEARCH_PATHS = (
					"$(inherited)",
					"@executable_path/Frameworks",
					"@loader_path/Frameworks",
				);
				PRODUCT_BUNDLE_IDENTIFIER = com.appetiser.MovieUITests;
				PRODUCT_NAME = "$(TARGET_NAME)";
				SWIFT_VERSION = 5.0;
				TARGETED_DEVICE_FAMILY = "1,2";
				TEST_TARGET_NAME = Movie;
			};
			name = Debug;
		};
		48E2984E247A37FC00B6A520 /* Release */ = {
			isa = XCBuildConfiguration;
			buildSettings = {
				ALWAYS_EMBED_SWIFT_STANDARD_LIBRARIES = YES;
				CODE_SIGN_STYLE = Automatic;
				INFOPLIST_FILE = MovieUITests/Info.plist;
				LD_RUNPATH_SEARCH_PATHS = (
					"$(inherited)",
					"@executable_path/Frameworks",
					"@loader_path/Frameworks",
				);
				PRODUCT_BUNDLE_IDENTIFIER = com.appetiser.MovieUITests;
				PRODUCT_NAME = "$(TARGET_NAME)";
				SWIFT_VERSION = 5.0;
				TARGETED_DEVICE_FAMILY = "1,2";
				TEST_TARGET_NAME = Movie;
			};
			name = Release;
		};
/* End XCBuildConfiguration section */

/* Begin XCConfigurationList section */
		48E29817247A37F900B6A520 /* Build configuration list for PBXProject "Movie" */ = {
			isa = XCConfigurationList;
			buildConfigurations = (
				48E29844247A37FC00B6A520 /* Debug */,
				48E29845247A37FC00B6A520 /* Release */,
			);
			defaultConfigurationIsVisible = 0;
			defaultConfigurationName = Release;
		};
		48E29846247A37FC00B6A520 /* Build configuration list for PBXNativeTarget "Movie" */ = {
			isa = XCConfigurationList;
			buildConfigurations = (
				48E29847247A37FC00B6A520 /* Debug */,
				48E29848247A37FC00B6A520 /* Release */,
			);
			defaultConfigurationIsVisible = 0;
			defaultConfigurationName = Release;
		};
		48E29849247A37FC00B6A520 /* Build configuration list for PBXNativeTarget "MovieTests" */ = {
			isa = XCConfigurationList;
			buildConfigurations = (
				48E2984A247A37FC00B6A520 /* Debug */,
				48E2984B247A37FC00B6A520 /* Release */,
			);
			defaultConfigurationIsVisible = 0;
			defaultConfigurationName = Release;
		};
		48E2984C247A37FC00B6A520 /* Build configuration list for PBXNativeTarget "MovieUITests" */ = {
			isa = XCConfigurationList;
			buildConfigurations = (
				48E2984D247A37FC00B6A520 /* Debug */,
				48E2984E247A37FC00B6A520 /* Release */,
			);
			defaultConfigurationIsVisible = 0;
			defaultConfigurationName = Release;
		};
/* End XCConfigurationList section */
	};
	rootObject = 48E29814247A37F900B6A520 /* Project object */;
}
